Microsoft Visual Studio Solution File, Format Version 12.00
# Visual Studio Version 17
VisualStudioVersion = 17.5.2.0
MinimumVisualStudioVersion = 10.0.40219.1
Project("{FAE04EC0-301F-11D3-BF4B-00C04F79EFBC}") = "ChordTranspose", "ChordTranspose.csproj", "{FA2EEAD2-DE14-1A75-BFF9-99138303D64C}"
EndProject
Global
	GlobalSection(SolutionConfigurationPlatforms) = preSolution
		Debug|Any CPU = Debug|Any CPU
		Release|Any CPU = Release|Any CPU
	EndGlobalSection
	GlobalSection(ProjectConfigurationPlatforms) = postSolution
		{FA2EEAD2-DE14-1A75-BFF9-99138303D64C}.Debug|Any CPU.ActiveCfg = Debug|Any CPU
		{FA2EEAD2-DE14-1A75-BFF9-99138303D64C}.Debug|Any CPU.Build.0 = Debug|Any CPU
		{FA2EEAD2-DE14-1A75-BFF9-99138303D64C}.Release|Any CPU.ActiveCfg = Release|Any CPU
		{FA2EEAD2-DE14-1A75-BFF9-99138303D64C}.Release|Any CPU.Build.0 = Release|Any CPU
	EndGlobalSection
	GlobalSection(SolutionProperties) = preSolution
		HideSolutionNode = FALSE
	EndGlobalSection
	GlobalSection(ExtensibilityGlobals) = postSolution
		SolutionGuid = {7245BAEB-30E9-437C-8A0D-601943F1D58D}
	EndGlobalSection
EndGlobal
